// !$*UTF8*$!
{
	archiveVersion = 1;
	classes = {
	};
	objectVersion = 50;
	objects = {

/* Begin PBXBuildFile section */
		77195A72274ECA56006B30C4 /* AppDelegate.swift in Sources */ = {isa = PBXBuildFile; fileRef = 77195A71274ECA56006B30C4 /* AppDelegate.swift */; };
		77195A74274ECA56006B30C4 /* SceneDelegate.swift in Sources */ = {isa = PBXBuildFile; fileRef = 77195A73274ECA56006B30C4 /* SceneDelegate.swift */; };
		77195A76274ECA56006B30C4 /* UserListViewController.swift in Sources */ = {isa = PBXBuildFile; fileRef = 77195A75274ECA56006B30C4 /* UserListViewController.swift */; };
		77195A7B274ECA59006B30C4 /* Assets.xcassets in Resources */ = {isa = PBXBuildFile; fileRef = 77195A7A274ECA59006B30C4 /* Assets.xcassets */; };
		77195A7E274ECA59006B30C4 /* LaunchScreen.storyboard in Resources */ = {isa = PBXBuildFile; fileRef = 77195A7C274ECA59006B30C4 /* LaunchScreen.storyboard */; };
		77195A89274ECA5A006B30C4 /* FinderTests.swift in Sources */ = {isa = PBXBuildFile; fileRef = 77195A88274ECA5A006B30C4 /* FinderTests.swift */; };
		77195A94274ECA5A006B30C4 /* FinderUITests.swift in Sources */ = {isa = PBXBuildFile; fileRef = 77195A93274ECA5A006B30C4 /* FinderUITests.swift */; };
		77195ABB274ED7F7006B30C4 /* Extension+UIView.swift in Sources */ = {isa = PBXBuildFile; fileRef = 77195ABA274ED7F7006B30C4 /* Extension+UIView.swift */; };
		7727ECA827500B6000358027 /* UserListBottomStackView.swift in Sources */ = {isa = PBXBuildFile; fileRef = 7727ECA727500B6000358027 /* UserListBottomStackView.swift */; };
		7727ECAD27500E1C00358027 /* Animation+UIView.swift in Sources */ = {isa = PBXBuildFile; fileRef = 7727ECAC27500E1C00358027 /* Animation+UIView.swift */; };
		7727ECB227501A0B00358027 /* UserListTopStackView.swift in Sources */ = {isa = PBXBuildFile; fileRef = 7727ECB127501A0B00358027 /* UserListTopStackView.swift */; };
		7727ECBF27501ECE00358027 /* UserProfileView.swift in Sources */ = {isa = PBXBuildFile; fileRef = 7727ECBE27501ECE00358027 /* UserProfileView.swift */; };
		7727ECC5275032F600358027 /* User.swift in Sources */ = {isa = PBXBuildFile; fileRef = 7727ECC4275032F600358027 /* User.swift */; };
		7727ECCA2750347300358027 /* Extension+UIFont.swift in Sources */ = {isa = PBXBuildFile; fileRef = 7727ECC92750347300358027 /* Extension+UIFont.swift */; };
		7739BC602756B1250098EAB1 /* UserProfileViewModel.swift in Sources */ = {isa = PBXBuildFile; fileRef = 7739BC5F2756B1250098EAB1 /* UserProfileViewModel.swift */; };
		7739BC6B2756B5B70098EAB1 /* Advertise.swift in Sources */ = {isa = PBXBuildFile; fileRef = 7739BC6A2756B5B70098EAB1 /* Advertise.swift */; };
		77E9D93C2758195300A4BF91 /* Constants.swift in Sources */ = {isa = PBXBuildFile; fileRef = 77E9D93B2758195300A4BF91 /* Constants.swift */; };
/* End PBXBuildFile section */

/* Begin PBXContainerItemProxy section */
		77195A85274ECA5A006B30C4 /* PBXContainerItemProxy */ = {
			isa = PBXContainerItemProxy;
			containerPortal = 77195A66274ECA56006B30C4 /* Project object */;
			proxyType = 1;
			remoteGlobalIDString = 77195A6D274ECA56006B30C4;
			remoteInfo = Finder;
		};
		77195A90274ECA5A006B30C4 /* PBXContainerItemProxy */ = {
			isa = PBXContainerItemProxy;
			containerPortal = 77195A66274ECA56006B30C4 /* Project object */;
			proxyType = 1;
			remoteGlobalIDString = 77195A6D274ECA56006B30C4;
			remoteInfo = Finder;
		};
/* End PBXContainerItemProxy section */

/* Begin PBXFileReference section */
		77195A6E274ECA56006B30C4 /* Finder.app */ = {isa = PBXFileReference; explicitFileType = wrapper.application; includeInIndex = 0; path = Finder.app; sourceTree = BUILT_PRODUCTS_DIR; };
		77195A71274ECA56006B30C4 /* AppDelegate.swift */ = {isa = PBXFileReference; lastKnownFileType = sourcecode.swift; path = AppDelegate.swift; sourceTree = "<group>"; };
		77195A73274ECA56006B30C4 /* SceneDelegate.swift */ = {isa = PBXFileReference; lastKnownFileType = sourcecode.swift; path = SceneDelegate.swift; sourceTree = "<group>"; };
		77195A75274ECA56006B30C4 /* UserListViewController.swift */ = {isa = PBXFileReference; lastKnownFileType = sourcecode.swift; path = UserListViewController.swift; sourceTree = "<group>"; };
		77195A7A274ECA59006B30C4 /* Assets.xcassets */ = {isa = PBXFileReference; lastKnownFileType = folder.assetcatalog; path = Assets.xcassets; sourceTree = "<group>"; };
		77195A7D274ECA59006B30C4 /* Base */ = {isa = PBXFileReference; lastKnownFileType = file.storyboard; name = Base; path = Base.lproj/LaunchScreen.storyboard; sourceTree = "<group>"; };
		77195A7F274ECA59006B30C4 /* Info.plist */ = {isa = PBXFileReference; lastKnownFileType = text.plist.xml; path = Info.plist; sourceTree = "<group>"; };
		77195A84274ECA5A006B30C4 /* FinderTests.xctest */ = {isa = PBXFileReference; explicitFileType = wrapper.cfbundle; includeInIndex = 0; path = FinderTests.xctest; sourceTree = BUILT_PRODUCTS_DIR; };
		77195A88274ECA5A006B30C4 /* FinderTests.swift */ = {isa = PBXFileReference; lastKnownFileType = sourcecode.swift; path = FinderTests.swift; sourceTree = "<group>"; };
		77195A8A274ECA5A006B30C4 /* Info.plist */ = {isa = PBXFileReference; lastKnownFileType = text.plist.xml; path = Info.plist; sourceTree = "<group>"; };
		77195A8F274ECA5A006B30C4 /* FinderUITests.xctest */ = {isa = PBXFileReference; explicitFileType = wrapper.cfbundle; includeInIndex = 0; path = FinderUITests.xctest; sourceTree = BUILT_PRODUCTS_DIR; };
		77195A93274ECA5A006B30C4 /* FinderUITests.swift */ = {isa = PBXFileReference; lastKnownFileType = sourcecode.swift; path = FinderUITests.swift; sourceTree = "<group>"; };
		77195A95274ECA5A006B30C4 /* Info.plist */ = {isa = PBXFileReference; lastKnownFileType = text.plist.xml; path = Info.plist; sourceTree = "<group>"; };
		77195ABA274ED7F7006B30C4 /* Extension+UIView.swift */ = {isa = PBXFileReference; lastKnownFileType = sourcecode.swift; path = "Extension+UIView.swift"; sourceTree = "<group>"; };
		7727ECA727500B6000358027 /* UserListBottomStackView.swift */ = {isa = PBXFileReference; lastKnownFileType = sourcecode.swift; path = UserListBottomStackView.swift; sourceTree = "<group>"; };
		7727ECAC27500E1C00358027 /* Animation+UIView.swift */ = {isa = PBXFileReference; lastKnownFileType = sourcecode.swift; path = "Animation+UIView.swift"; sourceTree = "<group>"; };
		7727ECB127501A0B00358027 /* UserListTopStackView.swift */ = {isa = PBXFileReference; lastKnownFileType = sourcecode.swift; path = UserListTopStackView.swift; sourceTree = "<group>"; };
		7727ECBE27501ECE00358027 /* UserProfileView.swift */ = {isa = PBXFileReference; lastKnownFileType = sourcecode.swift; path = UserProfileView.swift; sourceTree = "<group>"; };
		7727ECC4275032F600358027 /* User.swift */ = {isa = PBXFileReference; lastKnownFileType = sourcecode.swift; path = User.swift; sourceTree = "<group>"; };
		7727ECC92750347300358027 /* Extension+UIFont.swift */ = {isa = PBXFileReference; lastKnownFileType = sourcecode.swift; path = "Extension+UIFont.swift"; sourceTree = "<group>"; };
		7739BC5F2756B1250098EAB1 /* UserProfileViewModel.swift */ = {isa = PBXFileReference; lastKnownFileType = sourcecode.swift; path = UserProfileViewModel.swift; sourceTree = "<group>"; };
		7739BC6A2756B5B70098EAB1 /* Advertise.swift */ = {isa = PBXFileReference; lastKnownFileType = sourcecode.swift; path = Advertise.swift; sourceTree = "<group>"; };
		77E9D93B2758195300A4BF91 /* Constants.swift */ = {isa = PBXFileReference; lastKnownFileType = sourcecode.swift; path = Constants.swift; sourceTree = "<group>"; };
/* End PBXFileReference section */

/* Begin PBXFrameworksBuildPhase section */
		77195A6B274ECA56006B30C4 /* Frameworks */ = {
			isa = PBXFrameworksBuildPhase;
			buildActionMask = 2147483647;
			files = (
			);
			runOnlyForDeploymentPostprocessing = 0;
		};
		77195A81274ECA5A006B30C4 /* Frameworks */ = {
			isa = PBXFrameworksBuildPhase;
			buildActionMask = 2147483647;
			files = (
			);
			runOnlyForDeploymentPostprocessing = 0;
		};
		77195A8C274ECA5A006B30C4 /* Frameworks */ = {
			isa = PBXFrameworksBuildPhase;
			buildActionMask = 2147483647;
			files = (
			);
			runOnlyForDeploymentPostprocessing = 0;
		};
/* End PBXFrameworksBuildPhase section */

/* Begin PBXGroup section */
		77195A65274ECA56006B30C4 = {
			isa = PBXGroup;
			children = (
				77195A70274ECA56006B30C4 /* Finder */,
				77195A87274ECA5A006B30C4 /* FinderTests */,
				77195A92274ECA5A006B30C4 /* FinderUITests */,
				77195A6F274ECA56006B30C4 /* Products */,
			);
			sourceTree = "<group>";
		};
		77195A6F274ECA56006B30C4 /* Products */ = {
			isa = PBXGroup;
			children = (
				77195A6E274ECA56006B30C4 /* Finder.app */,
				77195A84274ECA5A006B30C4 /* FinderTests.xctest */,
				77195A8F274ECA5A006B30C4 /* FinderUITests.xctest */,
			);
			name = Products;
			sourceTree = "<group>";
		};
		77195A70274ECA56006B30C4 /* Finder */ = {
			isa = PBXGroup;
			children = (
				7739BC5E2756B1070098EAB1 /* ViewModel */,
				7727ECC3275032DA00358027 /* Model */,
				7727ECA627500B1D00358027 /* View */,
				77195AB9274ED792006B30C4 /* Extensions */,
				77195AB1274ECC9A006B30C4 /* Controller */,
				77195AA7274ECB03006B30C4 /* Management */,
				77195A7A274ECA59006B30C4 /* Assets.xcassets */,
				77195A7C274ECA59006B30C4 /* LaunchScreen.storyboard */,
				77195A7F274ECA59006B30C4 /* Info.plist */,
			);
			path = Finder;
			sourceTree = "<group>";
		};
		77195A87274ECA5A006B30C4 /* FinderTests */ = {
			isa = PBXGroup;
			children = (
				77195A88274ECA5A006B30C4 /* FinderTests.swift */,
				77195A8A274ECA5A006B30C4 /* Info.plist */,
			);
			path = FinderTests;
			sourceTree = "<group>";
		};
		77195A92274ECA5A006B30C4 /* FinderUITests */ = {
			isa = PBXGroup;
			children = (
				77195A93274ECA5A006B30C4 /* FinderUITests.swift */,
				77195A95274ECA5A006B30C4 /* Info.plist */,
			);
			path = FinderUITests;
			sourceTree = "<group>";
		};
		77195AA7274ECB03006B30C4 /* Management */ = {
			isa = PBXGroup;
			children = (
				77195A71274ECA56006B30C4 /* AppDelegate.swift */,
				77195A73274ECA56006B30C4 /* SceneDelegate.swift */,
			);
			path = Management;
			sourceTree = "<group>";
		};
		77195AB1274ECC9A006B30C4 /* Controller */ = {
			isa = PBXGroup;
			children = (
				77195A75274ECA56006B30C4 /* UserListViewController.swift */,
			);
			path = Controller;
			sourceTree = "<group>";
		};
		77195AB9274ED792006B30C4 /* Extensions */ = {
			isa = PBXGroup;
			children = (
				77195ABA274ED7F7006B30C4 /* Extension+UIView.swift */,
				7727ECAC27500E1C00358027 /* Animation+UIView.swift */,
				7727ECC92750347300358027 /* Extension+UIFont.swift */,
				77E9D93B2758195300A4BF91 /* Constants.swift */,
			);
			path = Extensions;
			sourceTree = "<group>";
		};
		7727ECA627500B1D00358027 /* View */ = {
			isa = PBXGroup;
			children = (
				7727ECA727500B6000358027 /* UserListBottomStackView.swift */,
				7727ECB127501A0B00358027 /* UserListTopStackView.swift */,
				7727ECBE27501ECE00358027 /* UserProfileView.swift */,
			);
			path = View;
			sourceTree = "<group>";
		};
		7727ECC3275032DA00358027 /* Model */ = {
			isa = PBXGroup;
			children = (
				7727ECC4275032F600358027 /* User.swift */,
				7739BC6A2756B5B70098EAB1 /* Advertise.swift */,
			);
			path = Model;
			sourceTree = "<group>";
		};
		7739BC5E2756B1070098EAB1 /* ViewModel */ = {
			isa = PBXGroup;
			children = (
				7739BC5F2756B1250098EAB1 /* UserProfileViewModel.swift */,
			);
			path = ViewModel;
			sourceTree = "<group>";
		};
/* End PBXGroup section */

/* Begin PBXNativeTarget section */
		77195A6D274ECA56006B30C4 /* Finder */ = {
			isa = PBXNativeTarget;
			buildConfigurationList = 77195A98274ECA5A006B30C4 /* Build configuration list for PBXNativeTarget "Finder" */;
			buildPhases = (
				77195AB5274ED2E1006B30C4 /* Run SwiftLint */,
				77195A6A274ECA56006B30C4 /* Sources */,
				77195A6B274ECA56006B30C4 /* Frameworks */,
				77195A6C274ECA56006B30C4 /* Resources */,
			);
			buildRules = (
			);
			dependencies = (
			);
			name = Finder;
			productName = Finder;
			productReference = 77195A6E274ECA56006B30C4 /* Finder.app */;
			productType = "com.apple.product-type.application";
		};
		77195A83274ECA5A006B30C4 /* FinderTests */ = {
			isa = PBXNativeTarget;
			buildConfigurationList = 77195A9B274ECA5A006B30C4 /* Build configuration list for PBXNativeTarget "FinderTests" */;
			buildPhases = (
				77195A80274ECA5A006B30C4 /* Sources */,
				77195A81274ECA5A006B30C4 /* Frameworks */,
				77195A82274ECA5A006B30C4 /* Resources */,
			);
			buildRules = (
			);
			dependencies = (
				77195A86274ECA5A006B30C4 /* PBXTargetDependency */,
			);
			name = FinderTests;
			productName = FinderTests;
			productReference = 77195A84274ECA5A006B30C4 /* FinderTests.xctest */;
			productType = "com.apple.product-type.bundle.unit-test";
		};
		77195A8E274ECA5A006B30C4 /* FinderUITests */ = {
			isa = PBXNativeTarget;
			buildConfigurationList = 77195A9E274ECA5A006B30C4 /* Build configuration list for PBXNativeTarget "FinderUITests" */;
			buildPhases = (
				77195A8B274ECA5A006B30C4 /* Sources */,
				77195A8C274ECA5A006B30C4 /* Frameworks */,
				77195A8D274ECA5A006B30C4 /* Resources */,
			);
			buildRules = (
			);
			dependencies = (
				77195A91274ECA5A006B30C4 /* PBXTargetDependency */,
			);
			name = FinderUITests;
			productName = FinderUITests;
			productReference = 77195A8F274ECA5A006B30C4 /* FinderUITests.xctest */;
			productType = "com.apple.product-type.bundle.ui-testing";
		};
/* End PBXNativeTarget section */

/* Begin PBXProject section */
		77195A66274ECA56006B30C4 /* Project object */ = {
			isa = PBXProject;
			attributes = {
				LastSwiftUpdateCheck = 1240;
				LastUpgradeCheck = 1240;
				TargetAttributes = {
					77195A6D274ECA56006B30C4 = {
						CreatedOnToolsVersion = 12.4;
					};
					77195A83274ECA5A006B30C4 = {
						CreatedOnToolsVersion = 12.4;
						TestTargetID = 77195A6D274ECA56006B30C4;
					};
					77195A8E274ECA5A006B30C4 = {
						CreatedOnToolsVersion = 12.4;
						TestTargetID = 77195A6D274ECA56006B30C4;
					};
				};
			};
			buildConfigurationList = 77195A69274ECA56006B30C4 /* Build configuration list for PBXProject "Finder" */;
			compatibilityVersion = "Xcode 9.3";
			developmentRegion = en;
			hasScannedForEncodings = 0;
			knownRegions = (
				en,
				Base,
			);
			mainGroup = 77195A65274ECA56006B30C4;
			productRefGroup = 77195A6F274ECA56006B30C4 /* Products */;
			projectDirPath = "";
			projectRoot = "";
			targets = (
				77195A6D274ECA56006B30C4 /* Finder */,
				77195A83274ECA5A006B30C4 /* FinderTests */,
				77195A8E274ECA5A006B30C4 /* FinderUITests */,
			);
		};
/* End PBXProject section */

/* Begin PBXResourcesBuildPhase section */
		77195A6C274ECA56006B30C4 /* Resources */ = {
			isa = PBXResourcesBuildPhase;
			buildActionMask = 2147483647;
			files = (
				77195A7E274ECA59006B30C4 /* LaunchScreen.storyboard in Resources */,
				77195A7B274ECA59006B30C4 /* Assets.xcassets in Resources */,
			);
			runOnlyForDeploymentPostprocessing = 0;
		};
		77195A82274ECA5A006B30C4 /* Resources */ = {
			isa = PBXResourcesBuildPhase;
			buildActionMask = 2147483647;
			files = (
			);
			runOnlyForDeploymentPostprocessing = 0;
		};
		77195A8D274ECA5A006B30C4 /* Resources */ = {
			isa = PBXResourcesBuildPhase;
			buildActionMask = 2147483647;
			files = (
			);
			runOnlyForDeploymentPostprocessing = 0;
		};
/* End PBXResourcesBuildPhase section */

/* Begin PBXShellScriptBuildPhase section */
		77195AB5274ED2E1006B30C4 /* Run SwiftLint */ = {
			isa = PBXShellScriptBuildPhase;
			buildActionMask = 2147483647;
			files = (
			);
			inputFileListPaths = (
			);
			inputPaths = (
			);
			name = "Run SwiftLint";
			outputFileListPaths = (
			);
			outputPaths = (
			);
			runOnlyForDeploymentPostprocessing = 0;
			shellPath = /bin/sh;
			shellScript = "if which swiftlint >/dev/null; then\n  swiftlint\nelse\n  echo \"warning: SwiftLint not installed, download from https://github.com/realm/SwiftLint\"\nfi\n";
		};
/* End PBXShellScriptBuildPhase section */

/* Begin PBXSourcesBuildPhase section */
		77195A6A274ECA56006B30C4 /* Sources */ = {
			isa = PBXSourcesBuildPhase;
			buildActionMask = 2147483647;
			files = (
				7727ECCA2750347300358027 /* Extension+UIFont.swift in Sources */,
				7739BC6B2756B5B70098EAB1 /* Advertise.swift in Sources */,
				77195A76274ECA56006B30C4 /* UserListViewController.swift in Sources */,
				7727ECAD27500E1C00358027 /* Animation+UIView.swift in Sources */,
				77195A72274ECA56006B30C4 /* AppDelegate.swift in Sources */,
				7727ECBF27501ECE00358027 /* UserProfileView.swift in Sources */,
				7739BC602756B1250098EAB1 /* UserProfileViewModel.swift in Sources */,
				77E9D93C2758195300A4BF91 /* Constants.swift in Sources */,
				77195ABB274ED7F7006B30C4 /* Extension+UIView.swift in Sources */,
				7727ECC5275032F600358027 /* User.swift in Sources */,
				7727ECA827500B6000358027 /* UserListBottomStackView.swift in Sources */,
				7727ECB227501A0B00358027 /* UserListTopStackView.swift in Sources */,
				77195A74274ECA56006B30C4 /* SceneDelegate.swift in Sources */,
			);
			runOnlyForDeploymentPostprocessing = 0;
		};
		77195A80274ECA5A006B30C4 /* Sources */ = {
			isa = PBXSourcesBuildPhase;
			buildActionMask = 2147483647;
			files = (
				77195A89274ECA5A006B30C4 /* FinderTests.swift in Sources */,
			);
			runOnlyForDeploymentPostprocessing = 0;
		};
		77195A8B274ECA5A006B30C4 /* Sources */ = {
			isa = PBXSourcesBuildPhase;
			buildActionMask = 2147483647;
			files = (
				77195A94274ECA5A006B30C4 /* FinderUITests.swift in Sources */,
			);
			runOnlyForDeploymentPostprocessing = 0;
		};
/* End PBXSourcesBuildPhase section */

/* Begin PBXTargetDependency section */
		77195A86274ECA5A006B30C4 /* PBXTargetDependency */ = {
			isa = PBXTargetDependency;
			target = 77195A6D274ECA56006B30C4 /* Finder */;
			targetProxy = 77195A85274ECA5A006B30C4 /* PBXContainerItemProxy */;
		};
		77195A91274ECA5A006B30C4 /* PBXTargetDependency */ = {
			isa = PBXTargetDependency;
			target = 77195A6D274ECA56006B30C4 /* Finder */;
			targetProxy = 77195A90274ECA5A006B30C4 /* PBXContainerItemProxy */;
		};
/* End PBXTargetDependency section */

/* Begin PBXVariantGroup section */
		77195A7C274ECA59006B30C4 /* LaunchScreen.storyboard */ = {
			isa = PBXVariantGroup;
			children = (
				77195A7D274ECA59006B30C4 /* Base */,
			);
			name = LaunchScreen.storyboard;
			sourceTree = "<group>";
		};
/* End PBXVariantGroup section */

/* Begin XCBuildConfiguration section */
		77195A96274ECA5A006B30C4 /* Debug */ = {
			isa = XCBuildConfiguration;
			buildSettings = {
				ALWAYS_SEARCH_USER_PATHS = NO;
				CLANG_ANALYZER_NONNULL = YES;
				CLANG_ANALYZER_NUMBER_OBJECT_CONVERSION = YES_AGGRESSIVE;
				CLANG_CXX_LANGUAGE_STANDARD = "gnu++14";
				CLANG_CXX_LIBRARY = "libc++";
				CLANG_ENABLE_MODULES = YES;
				CLANG_ENABLE_OBJC_ARC = YES;
				CLANG_ENABLE_OBJC_WEAK = YES;
				CLANG_WARN_BLOCK_CAPTURE_AUTORELEASING = YES;
				CLANG_WARN_BOOL_CONVERSION = YES;
				CLANG_WARN_COMMA = YES;
				CLANG_WARN_CONSTANT_CONVERSION = YES;
				CLANG_WARN_DEPRECATED_OBJC_IMPLEMENTATIONS = YES;
				CLANG_WARN_DIRECT_OBJC_ISA_USAGE = YES_ERROR;
				CLANG_WARN_DOCUMENTATION_COMMENTS = YES;
				CLANG_WARN_EMPTY_BODY = YES;
				CLANG_WARN_ENUM_CONVERSION = YES;
				CLANG_WARN_INFINITE_RECURSION = YES;
				CLANG_WARN_INT_CONVERSION = YES;
				CLANG_WARN_NON_LITERAL_NULL_CONVERSION = YES;
				CLANG_WARN_OBJC_IMPLICIT_RETAIN_SELF = YES;
				CLANG_WARN_OBJC_LITERAL_CONVERSION = YES;
				CLANG_WARN_OBJC_ROOT_CLASS = YES_ERROR;
				CLANG_WARN_QUOTED_INCLUDE_IN_FRAMEWORK_HEADER = YES;
				CLANG_WARN_RANGE_LOOP_ANALYSIS = YES;
				CLANG_WARN_STRICT_PROTOTYPES = YES;
				CLANG_WARN_SUSPICIOUS_MOVE = YES;
				CLANG_WARN_UNGUARDED_AVAILABILITY = YES_AGGRESSIVE;
				CLANG_WARN_UNREACHABLE_CODE = YES;
				CLANG_WARN__DUPLICATE_METHOD_MATCH = YES;
				COPY_PHASE_STRIP = NO;
				DEBUG_INFORMATION_FORMAT = dwarf;
				ENABLE_STRICT_OBJC_MSGSEND = YES;
				ENABLE_TESTABILITY = YES;
				GCC_C_LANGUAGE_STANDARD = gnu11;
				GCC_DYNAMIC_NO_PIC = NO;
				GCC_NO_COMMON_BLOCKS = YES;
				GCC_OPTIMIZATION_LEVEL = 0;
				GCC_PREPROCESSOR_DEFINITIONS = (
					"DEBUG=1",
					"$(inherited)",
				);
				GCC_WARN_64_TO_32_BIT_CONVERSION = YES;
				GCC_WARN_ABOUT_RETURN_TYPE = YES_ERROR;
				GCC_WARN_UNDECLARED_SELECTOR = YES;
				GCC_WARN_UNINITIALIZED_AUTOS = YES_AGGRESSIVE;
				GCC_WARN_UNUSED_FUNCTION = YES;
				GCC_WARN_UNUSED_VARIABLE = YES;
				IPHONEOS_DEPLOYMENT_TARGET = 14.4;
				MTL_ENABLE_DEBUG_INFO = INCLUDE_SOURCE;
				MTL_FAST_MATH = YES;
				ONLY_ACTIVE_ARCH = YES;
				SDKROOT = iphoneos;
				SWIFT_ACTIVE_COMPILATION_CONDITIONS = DEBUG;
				SWIFT_OPTIMIZATION_LEVEL = "-Onone";
			};
			name = Debug;
		};
		77195A97274ECA5A006B30C4 /* Release */ = {
			isa = XCBuildConfiguration;
			buildSettings = {
				ALWAYS_SEARCH_USER_PATHS = NO;
				CLANG_ANALYZER_NONNULL = YES;
				CLANG_ANALYZER_NUMBER_OBJECT_CONVERSION = YES_AGGRESSIVE;
				CLANG_CXX_LANGUAGE_STANDARD = "gnu++14";
				CLANG_CXX_LIBRARY = "libc++";
				CLANG_ENABLE_MODULES = YES;
				CLANG_ENABLE_OBJC_ARC = YES;
				CLANG_ENABLE_OBJC_WEAK = YES;
				CLANG_WARN_BLOCK_CAPTURE_AUTORELEASING = YES;
				CLANG_WARN_BOOL_CONVERSION = YES;
				CLANG_WARN_COMMA = YES;
				CLANG_WARN_CONSTANT_CONVERSION = YES;
				CLANG_WARN_DEPRECATED_OBJC_IMPLEMENTATIONS = YES;
				CLANG_WARN_DIRECT_OBJC_ISA_USAGE = YES_ERROR;
				CLANG_WARN_DOCUMENTATION_COMMENTS = YES;
				CLANG_WARN_EMPTY_BODY = YES;
				CLANG_WARN_ENUM_CONVERSION = YES;
				CLANG_WARN_INFINITE_RECURSION = YES;
				CLANG_WARN_INT_CONVERSION = YES;
				CLANG_WARN_NON_LITERAL_NULL_CONVERSION = YES;
				CLANG_WARN_OBJC_IMPLICIT_RETAIN_SELF = YES;
				CLANG_WARN_OBJC_LITERAL_CONVERSION = YES;
				CLANG_WARN_OBJC_ROOT_CLASS = YES_ERROR;
				CLANG_WARN_QUOTED_INCLUDE_IN_FRAMEWORK_HEADER = YES;
				CLANG_WARN_RANGE_LOOP_ANALYSIS = YES;
				CLANG_WARN_STRICT_PROTOTYPES = YES;
				CLANG_WARN_SUSPICIOUS_MOVE = YES;
				CLANG_WARN_UNGUARDED_AVAILABILITY = YES_AGGRESSIVE;
				CLANG_WARN_UNREACHABLE_CODE = YES;
				CLANG_WARN__DUPLICATE_METHOD_MATCH = YES;
				COPY_PHASE_STRIP = NO;
				DEBUG_INFORMATION_FORMAT = "dwarf-with-dsym";
				ENABLE_NS_ASSERTIONS = NO;
				ENABLE_STRICT_OBJC_MSGSEND = YES;
				GCC_C_LANGUAGE_STANDARD = gnu11;
				GCC_NO_COMMON_BLOCKS = YES;
				GCC_WARN_64_TO_32_BIT_CONVERSION = YES;
				GCC_WARN_ABOUT_RETURN_TYPE = YES_ERROR;
				GCC_WARN_UNDECLARED_SELECTOR = YES;
				GCC_WARN_UNINITIALIZED_AUTOS = YES_AGGRESSIVE;
				GCC_WARN_UNUSED_FUNCTION = YES;
				GCC_WARN_UNUSED_VARIABLE = YES;
				IPHONEOS_DEPLOYMENT_TARGET = 14.4;
				MTL_ENABLE_DEBUG_INFO = NO;
				MTL_FAST_MATH = YES;
				SDKROOT = iphoneos;
				SWIFT_COMPILATION_MODE = wholemodule;
				SWIFT_OPTIMIZATION_LEVEL = "-O";
				VALIDATE_PRODUCT = YES;
			};
			name = Release;
		};
		77195A99274ECA5A006B30C4 /* Debug */ = {
			isa = XCBuildConfiguration;
			buildSettings = {
				ASSETCATALOG_COMPILER_APPICON_NAME = AppIcon;
				ASSETCATALOG_COMPILER_GLOBAL_ACCENT_COLOR_NAME = AccentColor;
				CODE_SIGN_STYLE = Automatic;
				INFOPLIST_FILE = Finder/Info.plist;
				LD_RUNPATH_SEARCH_PATHS = (
					"$(inherited)",
					"@executable_path/Frameworks",
				);
				PRODUCT_BUNDLE_IDENTIFIER = onurustunel.Finder;
				PRODUCT_NAME = "$(TARGET_NAME)";
				SWIFT_VERSION = 5.0;
				TARGETED_DEVICE_FAMILY = "1,2";
			};
			name = Debug;
		};
		77195A9A274ECA5A006B30C4 /* Release */ = {
			isa = XCBuildConfiguration;
			buildSettings = {
				ASSETCATALOG_COMPILER_APPICON_NAME = AppIcon;
				ASSETCATALOG_COMPILER_GLOBAL_ACCENT_COLOR_NAME = AccentColor;
				CODE_SIGN_STYLE = Automatic;
				INFOPLIST_FILE = Finder/Info.plist;
				LD_RUNPATH_SEARCH_PATHS = (
					"$(inherited)",
					"@executable_path/Frameworks",
				);
				PRODUCT_BUNDLE_IDENTIFIER = onurustunel.Finder;
				PRODUCT_NAME = "$(TARGET_NAME)";
				SWIFT_VERSION = 5.0;
				TARGETED_DEVICE_FAMILY = "1,2";
			};
			name = Release;
		};
		77195A9C274ECA5A006B30C4 /* Debug */ = {
			isa = XCBuildConfiguration;
			buildSettings = {
				ALWAYS_EMBED_SWIFT_STANDARD_LIBRARIES = YES;
				BUNDLE_LOADER = "$(TEST_HOST)";
				CODE_SIGN_STYLE = Automatic;
				INFOPLIST_FILE = FinderTests/Info.plist;
				IPHONEOS_DEPLOYMENT_TARGET = 14.4;
				LD_RUNPATH_SEARCH_PATHS = (
					"$(inherited)",
					"@executable_path/Frameworks",
					"@loader_path/Frameworks",
				);
				PRODUCT_BUNDLE_IDENTIFIER = onurustunel.FinderTests;
				PRODUCT_NAME = "$(TARGET_NAME)";
				SWIFT_VERSION = 5.0;
				TARGETED_DEVICE_FAMILY = "1,2";
				TEST_HOST = "$(BUILT_PRODUCTS_DIR)/Finder.app/Finder";
			};
			name = Debug;
		};
		77195A9D274ECA5A006B30C4 /* Release */ = {
			isa = XCBuildConfiguration;
			buildSettings = {
				ALWAYS_EMBED_SWIFT_STANDARD_LIBRARIES = YES;
				BUNDLE_LOADER = "$(TEST_HOST)";
				CODE_SIGN_STYLE = Automatic;
				INFOPLIST_FILE = FinderTests/Info.plist;
				IPHONEOS_DEPLOYMENT_TARGET = 14.4;
				LD_RUNPATH_SEARCH_PATHS = (
					"$(inherited)",
					"@executable_path/Frameworks",
					"@loader_path/Frameworks",
				);
				PRODUCT_BUNDLE_IDENTIFIER = onurustunel.FinderTests;
				PRODUCT_NAME = "$(TARGET_NAME)";
				SWIFT_VERSION = 5.0;
				TARGETED_DEVICE_FAMILY = "1,2";
				TEST_HOST = "$(BUILT_PRODUCTS_DIR)/Finder.app/Finder";
			};
			name = Release;
		};
		77195A9F274ECA5A006B30C4 /* Debug */ = {
			isa = XCBuildConfiguration;
			buildSettings = {
				ALWAYS_EMBED_SWIFT_STANDARD_LIBRARIES = YES;
				CODE_SIGN_STYLE = Automatic;
				INFOPLIST_FILE = FinderUITests/Info.plist;
				LD_RUNPATH_SEARCH_PATHS = (
					"$(inherited)",
					"@executable_path/Frameworks",
					"@loader_path/Frameworks",
				);
				PRODUCT_BUNDLE_IDENTIFIER = onurustunel.FinderUITests;
				PRODUCT_NAME = "$(TARGET_NAME)";
				SWIFT_VERSION = 5.0;
				TARGETED_DEVICE_FAMILY = "1,2";
				TEST_TARGET_NAME = Finder;
			};
			name = Debug;
		};
		77195AA0274ECA5A006B30C4 /* Release */ = {
			isa = XCBuildConfiguration;
			buildSettings = {
				ALWAYS_EMBED_SWIFT_STANDARD_LIBRARIES = YES;
				CODE_SIGN_STYLE = Automatic;
				INFOPLIST_FILE = FinderUITests/Info.plist;
				LD_RUNPATH_SEARCH_PATHS = (
					"$(inherited)",
					"@executable_path/Frameworks",
					"@loader_path/Frameworks",
				);
				PRODUCT_BUNDLE_IDENTIFIER = onurustunel.FinderUITests;
				PRODUCT_NAME = "$(TARGET_NAME)";
				SWIFT_VERSION = 5.0;
				TARGETED_DEVICE_FAMILY = "1,2";
				TEST_TARGET_NAME = Finder;
			};
			name = Release;
		};
/* End XCBuildConfiguration section */

/* Begin XCConfigurationList section */
		77195A69274ECA56006B30C4 /* Build configuration list for PBXProject "Finder" */ = {
			isa = XCConfigurationList;
			buildConfigurations = (
				77195A96274ECA5A006B30C4 /* Debug */,
				77195A97274ECA5A006B30C4 /* Release */,
			);
			defaultConfigurationIsVisible = 0;
			defaultConfigurationName = Release;
		};
		77195A98274ECA5A006B30C4 /* Build configuration list for PBXNativeTarget "Finder" */ = {
			isa = XCConfigurationList;
			buildConfigurations = (
				77195A99274ECA5A006B30C4 /* Debug */,
				77195A9A274ECA5A006B30C4 /* Release */,
			);
			defaultConfigurationIsVisible = 0;
			defaultConfigurationName = Release;
		};
		77195A9B274ECA5A006B30C4 /* Build configuration list for PBXNativeTarget "FinderTests" */ = {
			isa = XCConfigurationList;
			buildConfigurations = (
				77195A9C274ECA5A006B30C4 /* Debug */,
				77195A9D274ECA5A006B30C4 /* Release */,
			);
			defaultConfigurationIsVisible = 0;
			defaultConfigurationName = Release;
		};
		77195A9E274ECA5A006B30C4 /* Build configuration list for PBXNativeTarget "FinderUITests" */ = {
			isa = XCConfigurationList;
			buildConfigurations = (
				77195A9F274ECA5A006B30C4 /* Debug */,
				77195AA0274ECA5A006B30C4 /* Release */,
			);
			defaultConfigurationIsVisible = 0;
			defaultConfigurationName = Release;
		};
/* End XCConfigurationList section */
	};
	rootObject = 77195A66274ECA56006B30C4 /* Project object */;
}
