// !$*UTF8*$!
{
	archiveVersion = 1;
	classes = {
	};
	objectVersion = 51;
	objects = {

/* Begin PBXBuildFile section */
		1824D87807B3D2B95D798B68 /* Pods_Finder_FinderUITests.framework in Frameworks */ = {isa = PBXBuildFile; fileRef = B1277FA707E2E955EACB4AC4 /* Pods_Finder_FinderUITests.framework */; };
		5B85C623942BD9DD806413DE /* Pods_FinderTests.framework in Frameworks */ = {isa = PBXBuildFile; fileRef = F95E0E6C33296A9114F58D36 /* Pods_FinderTests.framework */; };
		5C59322956E4BA2ECBBC244C /* Pods_Finder.framework in Frameworks */ = {isa = PBXBuildFile; fileRef = FE38ED668155EE480A0E070D /* Pods_Finder.framework */; };
		77195A72274ECA56006B30C4 /* AppDelegate.swift in Sources */ = {isa = PBXBuildFile; fileRef = 77195A71274ECA56006B30C4 /* AppDelegate.swift */; };
		77195A74274ECA56006B30C4 /* SceneDelegate.swift in Sources */ = {isa = PBXBuildFile; fileRef = 77195A73274ECA56006B30C4 /* SceneDelegate.swift */; };
		77195A76274ECA56006B30C4 /* UserListViewController.swift in Sources */ = {isa = PBXBuildFile; fileRef = 77195A75274ECA56006B30C4 /* UserListViewController.swift */; };
		77195A7B274ECA59006B30C4 /* Assets.xcassets in Resources */ = {isa = PBXBuildFile; fileRef = 77195A7A274ECA59006B30C4 /* Assets.xcassets */; };
		77195A7E274ECA59006B30C4 /* LaunchScreen.storyboard in Resources */ = {isa = PBXBuildFile; fileRef = 77195A7C274ECA59006B30C4 /* LaunchScreen.storyboard */; };
		77195A89274ECA5A006B30C4 /* FinderTests.swift in Sources */ = {isa = PBXBuildFile; fileRef = 77195A88274ECA5A006B30C4 /* FinderTests.swift */; };
		77195A94274ECA5A006B30C4 /* FinderUITests.swift in Sources */ = {isa = PBXBuildFile; fileRef = 77195A93274ECA5A006B30C4 /* FinderUITests.swift */; };
		77195ABB274ED7F7006B30C4 /* Extension+UIView.swift in Sources */ = {isa = PBXBuildFile; fileRef = 77195ABA274ED7F7006B30C4 /* Extension+UIView.swift */; };
		771D986027B976DC000240F3 /* SettingsTableViewController.swift in Sources */ = {isa = PBXBuildFile; fileRef = 771D985F27B976DC000240F3 /* SettingsTableViewController.swift */; };
		771D986527B98A52000240F3 /* Extension+UIKit.swift in Sources */ = {isa = PBXBuildFile; fileRef = 771D986427B98A52000240F3 /* Extension+UIKit.swift */; };
		7727ECA827500B6000358027 /* UserListBottomStackView.swift in Sources */ = {isa = PBXBuildFile; fileRef = 7727ECA727500B6000358027 /* UserListBottomStackView.swift */; };
		7727ECAD27500E1C00358027 /* Animation+UIView.swift in Sources */ = {isa = PBXBuildFile; fileRef = 7727ECAC27500E1C00358027 /* Animation+UIView.swift */; };
		7727ECB227501A0B00358027 /* UserListTopStackView.swift in Sources */ = {isa = PBXBuildFile; fileRef = 7727ECB127501A0B00358027 /* UserListTopStackView.swift */; };
		7727ECBF27501ECE00358027 /* UserProfileView.swift in Sources */ = {isa = PBXBuildFile; fileRef = 7727ECBE27501ECE00358027 /* UserProfileView.swift */; };
		7727ECC5275032F600358027 /* User.swift in Sources */ = {isa = PBXBuildFile; fileRef = 7727ECC4275032F600358027 /* User.swift */; };
		7727ECCA2750347300358027 /* Extension+UIFont.swift in Sources */ = {isa = PBXBuildFile; fileRef = 7727ECC92750347300358027 /* Extension+UIFont.swift */; };
		772A5B76275B80D800BBE25F /* SplashScreenViewController.swift in Sources */ = {isa = PBXBuildFile; fileRef = 772A5B75275B80D800BBE25F /* SplashScreenViewController.swift */; };
		772A5B7B275B814000BBE25F /* LoginViewController.swift in Sources */ = {isa = PBXBuildFile; fileRef = 772A5B7A275B814000BBE25F /* LoginViewController.swift */; };
		772A5B80275B815A00BBE25F /* SignUpViewController.swift in Sources */ = {isa = PBXBuildFile; fileRef = 772A5B7F275B815A00BBE25F /* SignUpViewController.swift */; };
		772A5B85275B834A00BBE25F /* BackgroundGradient.swift in Sources */ = {isa = PBXBuildFile; fileRef = 772A5B84275B834A00BBE25F /* BackgroundGradient.swift */; };
		772A5B8A275B839F00BBE25F /* BaseView.swift in Sources */ = {isa = PBXBuildFile; fileRef = 772A5B89275B839F00BBE25F /* BaseView.swift */; };
		772A5B9B275B975F00BBE25F /* SplashView.swift in Sources */ = {isa = PBXBuildFile; fileRef = 772A5B9A275B975F00BBE25F /* SplashView.swift */; };
		772A5BA6275BC71E00BBE25F /* CustomTextField.swift in Sources */ = {isa = PBXBuildFile; fileRef = 772A5BA5275BC71E00BBE25F /* CustomTextField.swift */; };
		7739BC602756B1250098EAB1 /* UserProfileViewModel.swift in Sources */ = {isa = PBXBuildFile; fileRef = 7739BC5F2756B1250098EAB1 /* UserProfileViewModel.swift */; };
		7739BC6B2756B5B70098EAB1 /* Advertise.swift in Sources */ = {isa = PBXBuildFile; fileRef = 7739BC6A2756B5B70098EAB1 /* Advertise.swift */; };
		774C8D962767C6FD00DFBA15 /* RegisterViewModel.swift in Sources */ = {isa = PBXBuildFile; fileRef = 774C8D952767C6FD00DFBA15 /* RegisterViewModel.swift */; };
		774C8DB82767E52800DFBA15 /* GoogleService-Info.plist in Resources */ = {isa = PBXBuildFile; fileRef = 774C8DB72767E52800DFBA15 /* GoogleService-Info.plist */; };
		774C8DBD2767F13B00DFBA15 /* Bindable.swift in Sources */ = {isa = PBXBuildFile; fileRef = 774C8DBC2767F13A00DFBA15 /* Bindable.swift */; };
		77D820812784DF3400613E93 /* Extension+UIViewController.swift in Sources */ = {isa = PBXBuildFile; fileRef = 77D820802784DF3400613E93 /* Extension+UIViewController.swift */; };
		77E11DCE27C57AD000D4C8F6 /* SettingsTableViewCell.swift in Sources */ = {isa = PBXBuildFile; fileRef = 77E11DCD27C57AD000D4C8F6 /* SettingsTableViewCell.swift */; };
		77E11DD627C58BB800D4C8F6 /* HeaderTitleLabel.swift in Sources */ = {isa = PBXBuildFile; fileRef = 77E11DD527C58BB800D4C8F6 /* HeaderTitleLabel.swift */; };
		77E9D93C2758195300A4BF91 /* Constants.swift in Sources */ = {isa = PBXBuildFile; fileRef = 77E9D93B2758195300A4BF91 /* Constants.swift */; };
/* End PBXBuildFile section */

/* Begin PBXContainerItemProxy section */
		77195A85274ECA5A006B30C4 /* PBXContainerItemProxy */ = {
			isa = PBXContainerItemProxy;
			containerPortal = 77195A66274ECA56006B30C4 /* Project object */;
			proxyType = 1;
			remoteGlobalIDString = 77195A6D274ECA56006B30C4;
			remoteInfo = Finder;
		};
		77195A90274ECA5A006B30C4 /* PBXContainerItemProxy */ = {
			isa = PBXContainerItemProxy;
			containerPortal = 77195A66274ECA56006B30C4 /* Project object */;
			proxyType = 1;
			remoteGlobalIDString = 77195A6D274ECA56006B30C4;
			remoteInfo = Finder;
		};
/* End PBXContainerItemProxy section */

/* Begin PBXFileReference section */
		6F252A2876CF37881F4E597F /* Pods-Finder-FinderUITests.debug.xcconfig */ = {isa = PBXFileReference; includeInIndex = 1; lastKnownFileType = text.xcconfig; name = "Pods-Finder-FinderUITests.debug.xcconfig"; path = "Target Support Files/Pods-Finder-FinderUITests/Pods-Finder-FinderUITests.debug.xcconfig"; sourceTree = "<group>"; };
		77195A6E274ECA56006B30C4 /* Finder.app */ = {isa = PBXFileReference; explicitFileType = wrapper.application; includeInIndex = 0; path = Finder.app; sourceTree = BUILT_PRODUCTS_DIR; };
		77195A71274ECA56006B30C4 /* AppDelegate.swift */ = {isa = PBXFileReference; lastKnownFileType = sourcecode.swift; path = AppDelegate.swift; sourceTree = "<group>"; };
		77195A73274ECA56006B30C4 /* SceneDelegate.swift */ = {isa = PBXFileReference; lastKnownFileType = sourcecode.swift; path = SceneDelegate.swift; sourceTree = "<group>"; };
		77195A75274ECA56006B30C4 /* UserListViewController.swift */ = {isa = PBXFileReference; lastKnownFileType = sourcecode.swift; path = UserListViewController.swift; sourceTree = "<group>"; };
		77195A7A274ECA59006B30C4 /* Assets.xcassets */ = {isa = PBXFileReference; lastKnownFileType = folder.assetcatalog; path = Assets.xcassets; sourceTree = "<group>"; };
		77195A7D274ECA59006B30C4 /* Base */ = {isa = PBXFileReference; lastKnownFileType = file.storyboard; name = Base; path = Base.lproj/LaunchScreen.storyboard; sourceTree = "<group>"; };
		77195A7F274ECA59006B30C4 /* Info.plist */ = {isa = PBXFileReference; lastKnownFileType = text.plist.xml; path = Info.plist; sourceTree = "<group>"; };
		77195A84274ECA5A006B30C4 /* FinderTests.xctest */ = {isa = PBXFileReference; explicitFileType = wrapper.cfbundle; includeInIndex = 0; path = FinderTests.xctest; sourceTree = BUILT_PRODUCTS_DIR; };
		77195A88274ECA5A006B30C4 /* FinderTests.swift */ = {isa = PBXFileReference; lastKnownFileType = sourcecode.swift; path = FinderTests.swift; sourceTree = "<group>"; };
		77195A8A274ECA5A006B30C4 /* Info.plist */ = {isa = PBXFileReference; lastKnownFileType = text.plist.xml; path = Info.plist; sourceTree = "<group>"; };
		77195A8F274ECA5A006B30C4 /* FinderUITests.xctest */ = {isa = PBXFileReference; explicitFileType = wrapper.cfbundle; includeInIndex = 0; path = FinderUITests.xctest; sourceTree = BUILT_PRODUCTS_DIR; };
		77195A93274ECA5A006B30C4 /* FinderUITests.swift */ = {isa = PBXFileReference; lastKnownFileType = sourcecode.swift; path = FinderUITests.swift; sourceTree = "<group>"; };
		77195A95274ECA5A006B30C4 /* Info.plist */ = {isa = PBXFileReference; lastKnownFileType = text.plist.xml; path = Info.plist; sourceTree = "<group>"; };
		77195ABA274ED7F7006B30C4 /* Extension+UIView.swift */ = {isa = PBXFileReference; lastKnownFileType = sourcecode.swift; path = "Extension+UIView.swift"; sourceTree = "<group>"; };
		771D985F27B976DC000240F3 /* SettingsTableViewController.swift */ = {isa = PBXFileReference; lastKnownFileType = sourcecode.swift; path = SettingsTableViewController.swift; sourceTree = "<group>"; };
		771D986427B98A52000240F3 /* Extension+UIKit.swift */ = {isa = PBXFileReference; lastKnownFileType = sourcecode.swift; path = "Extension+UIKit.swift"; sourceTree = "<group>"; };
		7727ECA727500B6000358027 /* UserListBottomStackView.swift */ = {isa = PBXFileReference; lastKnownFileType = sourcecode.swift; path = UserListBottomStackView.swift; sourceTree = "<group>"; };
		7727ECAC27500E1C00358027 /* Animation+UIView.swift */ = {isa = PBXFileReference; lastKnownFileType = sourcecode.swift; path = "Animation+UIView.swift"; sourceTree = "<group>"; };
		7727ECB127501A0B00358027 /* UserListTopStackView.swift */ = {isa = PBXFileReference; lastKnownFileType = sourcecode.swift; path = UserListTopStackView.swift; sourceTree = "<group>"; };
		7727ECBE27501ECE00358027 /* UserProfileView.swift */ = {isa = PBXFileReference; lastKnownFileType = sourcecode.swift; path = UserProfileView.swift; sourceTree = "<group>"; };
		7727ECC4275032F600358027 /* User.swift */ = {isa = PBXFileReference; lastKnownFileType = sourcecode.swift; path = User.swift; sourceTree = "<group>"; };
		7727ECC92750347300358027 /* Extension+UIFont.swift */ = {isa = PBXFileReference; lastKnownFileType = sourcecode.swift; path = "Extension+UIFont.swift"; sourceTree = "<group>"; };
		772A5B75275B80D800BBE25F /* SplashScreenViewController.swift */ = {isa = PBXFileReference; lastKnownFileType = sourcecode.swift; path = SplashScreenViewController.swift; sourceTree = "<group>"; };
		772A5B7A275B814000BBE25F /* LoginViewController.swift */ = {isa = PBXFileReference; lastKnownFileType = sourcecode.swift; path = LoginViewController.swift; sourceTree = "<group>"; };
		772A5B7F275B815A00BBE25F /* SignUpViewController.swift */ = {isa = PBXFileReference; lastKnownFileType = sourcecode.swift; path = SignUpViewController.swift; sourceTree = "<group>"; };
		772A5B84275B834A00BBE25F /* BackgroundGradient.swift */ = {isa = PBXFileReference; lastKnownFileType = sourcecode.swift; path = BackgroundGradient.swift; sourceTree = "<group>"; };
		772A5B89275B839F00BBE25F /* BaseView.swift */ = {isa = PBXFileReference; lastKnownFileType = sourcecode.swift; path = BaseView.swift; sourceTree = "<group>"; };
		772A5B9A275B975F00BBE25F /* SplashView.swift */ = {isa = PBXFileReference; lastKnownFileType = sourcecode.swift; path = SplashView.swift; sourceTree = "<group>"; };
		772A5BA5275BC71E00BBE25F /* CustomTextField.swift */ = {isa = PBXFileReference; lastKnownFileType = sourcecode.swift; path = CustomTextField.swift; sourceTree = "<group>"; };
		7739BC5F2756B1250098EAB1 /* UserProfileViewModel.swift */ = {isa = PBXFileReference; lastKnownFileType = sourcecode.swift; path = UserProfileViewModel.swift; sourceTree = "<group>"; };
		7739BC6A2756B5B70098EAB1 /* Advertise.swift */ = {isa = PBXFileReference; lastKnownFileType = sourcecode.swift; path = Advertise.swift; sourceTree = "<group>"; };
		774C8D952767C6FD00DFBA15 /* RegisterViewModel.swift */ = {isa = PBXFileReference; lastKnownFileType = sourcecode.swift; path = RegisterViewModel.swift; sourceTree = "<group>"; };
		774C8DB72767E52800DFBA15 /* GoogleService-Info.plist */ = {isa = PBXFileReference; fileEncoding = 4; lastKnownFileType = text.plist.xml; path = "GoogleService-Info.plist"; sourceTree = "<group>"; };
		774C8DBC2767F13A00DFBA15 /* Bindable.swift */ = {isa = PBXFileReference; lastKnownFileType = sourcecode.swift; path = Bindable.swift; sourceTree = "<group>"; };
		77D820802784DF3400613E93 /* Extension+UIViewController.swift */ = {isa = PBXFileReference; lastKnownFileType = sourcecode.swift; path = "Extension+UIViewController.swift"; sourceTree = "<group>"; };
		77E11DCD27C57AD000D4C8F6 /* SettingsTableViewCell.swift */ = {isa = PBXFileReference; lastKnownFileType = sourcecode.swift; path = SettingsTableViewCell.swift; sourceTree = "<group>"; };
		77E11DD527C58BB800D4C8F6 /* HeaderTitleLabel.swift */ = {isa = PBXFileReference; lastKnownFileType = sourcecode.swift; path = HeaderTitleLabel.swift; sourceTree = "<group>"; };
		77E9D93B2758195300A4BF91 /* Constants.swift */ = {isa = PBXFileReference; lastKnownFileType = sourcecode.swift; path = Constants.swift; sourceTree = "<group>"; };
		9E5EDB71C70736CE641A3BBC /* Pods-Finder.debug.xcconfig */ = {isa = PBXFileReference; includeInIndex = 1; lastKnownFileType = text.xcconfig; name = "Pods-Finder.debug.xcconfig"; path = "Target Support Files/Pods-Finder/Pods-Finder.debug.xcconfig"; sourceTree = "<group>"; };
		A53D60FBA197F87B1CAC0557 /* Pods-Finder.release.xcconfig */ = {isa = PBXFileReference; includeInIndex = 1; lastKnownFileType = text.xcconfig; name = "Pods-Finder.release.xcconfig"; path = "Target Support Files/Pods-Finder/Pods-Finder.release.xcconfig"; sourceTree = "<group>"; };
		B1277FA707E2E955EACB4AC4 /* Pods_Finder_FinderUITests.framework */ = {isa = PBXFileReference; explicitFileType = wrapper.framework; includeInIndex = 0; path = Pods_Finder_FinderUITests.framework; sourceTree = BUILT_PRODUCTS_DIR; };
		BC4AAE2EA1E7AD150653BAF2 /* Pods-FinderTests.debug.xcconfig */ = {isa = PBXFileReference; includeInIndex = 1; lastKnownFileType = text.xcconfig; name = "Pods-FinderTests.debug.xcconfig"; path = "Target Support Files/Pods-FinderTests/Pods-FinderTests.debug.xcconfig"; sourceTree = "<group>"; };
		BECB3A7B7F2514B73333D974 /* Pods-Finder-FinderUITests.release.xcconfig */ = {isa = PBXFileReference; includeInIndex = 1; lastKnownFileType = text.xcconfig; name = "Pods-Finder-FinderUITests.release.xcconfig"; path = "Target Support Files/Pods-Finder-FinderUITests/Pods-Finder-FinderUITests.release.xcconfig"; sourceTree = "<group>"; };
		C246F79C10687AF049AFF921 /* Pods-FinderTests.release.xcconfig */ = {isa = PBXFileReference; includeInIndex = 1; lastKnownFileType = text.xcconfig; name = "Pods-FinderTests.release.xcconfig"; path = "Target Support Files/Pods-FinderTests/Pods-FinderTests.release.xcconfig"; sourceTree = "<group>"; };
		F95E0E6C33296A9114F58D36 /* Pods_FinderTests.framework */ = {isa = PBXFileReference; explicitFileType = wrapper.framework; includeInIndex = 0; path = Pods_FinderTests.framework; sourceTree = BUILT_PRODUCTS_DIR; };
		FE38ED668155EE480A0E070D /* Pods_Finder.framework */ = {isa = PBXFileReference; explicitFileType = wrapper.framework; includeInIndex = 0; path = Pods_Finder.framework; sourceTree = BUILT_PRODUCTS_DIR; };
/* End PBXFileReference section */

/* Begin PBXFrameworksBuildPhase section */
		77195A6B274ECA56006B30C4 /* Frameworks */ = {
			isa = PBXFrameworksBuildPhase;
			buildActionMask = 2147483647;
			files = (
				5C59322956E4BA2ECBBC244C /* Pods_Finder.framework in Frameworks */,
			);
			runOnlyForDeploymentPostprocessing = 0;
		};
		77195A81274ECA5A006B30C4 /* Frameworks */ = {
			isa = PBXFrameworksBuildPhase;
			buildActionMask = 2147483647;
			files = (
				5B85C623942BD9DD806413DE /* Pods_FinderTests.framework in Frameworks */,
			);
			runOnlyForDeploymentPostprocessing = 0;
		};
		77195A8C274ECA5A006B30C4 /* Frameworks */ = {
			isa = PBXFrameworksBuildPhase;
			buildActionMask = 2147483647;
			files = (
				1824D87807B3D2B95D798B68 /* Pods_Finder_FinderUITests.framework in Frameworks */,
			);
			runOnlyForDeploymentPostprocessing = 0;
		};
/* End PBXFrameworksBuildPhase section */

/* Begin PBXGroup section */
		4BD5641C843192F45800B7E7 /* Frameworks */ = {
			isa = PBXGroup;
			children = (
				FE38ED668155EE480A0E070D /* Pods_Finder.framework */,
				B1277FA707E2E955EACB4AC4 /* Pods_Finder_FinderUITests.framework */,
				F95E0E6C33296A9114F58D36 /* Pods_FinderTests.framework */,
			);
			name = Frameworks;
			sourceTree = "<group>";
		};
		77195A65274ECA56006B30C4 = {
			isa = PBXGroup;
			children = (
				77195A70274ECA56006B30C4 /* Finder */,
				77195A87274ECA5A006B30C4 /* FinderTests */,
				77195A92274ECA5A006B30C4 /* FinderUITests */,
				77195A6F274ECA56006B30C4 /* Products */,
				D2420ABF3B7D32C71A9C5BB6 /* Pods */,
				4BD5641C843192F45800B7E7 /* Frameworks */,
			);
			sourceTree = "<group>";
		};
		77195A6F274ECA56006B30C4 /* Products */ = {
			isa = PBXGroup;
			children = (
				77195A6E274ECA56006B30C4 /* Finder.app */,
				77195A84274ECA5A006B30C4 /* FinderTests.xctest */,
				77195A8F274ECA5A006B30C4 /* FinderUITests.xctest */,
			);
			name = Products;
			sourceTree = "<group>";
		};
		77195A70274ECA56006B30C4 /* Finder */ = {
			isa = PBXGroup;
			children = (
				7739BC5E2756B1070098EAB1 /* ViewModel */,
				7727ECC3275032DA00358027 /* Model */,
				7727ECA627500B1D00358027 /* View */,
				77195AB9274ED792006B30C4 /* Extensions */,
				77195AB1274ECC9A006B30C4 /* Controller */,
				77195AA7274ECB03006B30C4 /* Management */,
				77195A7A274ECA59006B30C4 /* Assets.xcassets */,
				77195A7C274ECA59006B30C4 /* LaunchScreen.storyboard */,
				774C8DB72767E52800DFBA15 /* GoogleService-Info.plist */,
				77195A7F274ECA59006B30C4 /* Info.plist */,
			);
			path = Finder;
			sourceTree = "<group>";
		};
		77195A87274ECA5A006B30C4 /* FinderTests */ = {
			isa = PBXGroup;
			children = (
				77195A88274ECA5A006B30C4 /* FinderTests.swift */,
				77195A8A274ECA5A006B30C4 /* Info.plist */,
			);
			path = FinderTests;
			sourceTree = "<group>";
		};
		77195A92274ECA5A006B30C4 /* FinderUITests */ = {
			isa = PBXGroup;
			children = (
				77195A93274ECA5A006B30C4 /* FinderUITests.swift */,
				77195A95274ECA5A006B30C4 /* Info.plist */,
			);
			path = FinderUITests;
			sourceTree = "<group>";
		};
		77195AA7274ECB03006B30C4 /* Management */ = {
			isa = PBXGroup;
			children = (
				77195A71274ECA56006B30C4 /* AppDelegate.swift */,
				77195A73274ECA56006B30C4 /* SceneDelegate.swift */,
			);
			path = Management;
			sourceTree = "<group>";
		};
		77195AB1274ECC9A006B30C4 /* Controller */ = {
			isa = PBXGroup;
			children = (
				77E11DCC27C57AAB00D4C8F6 /* SettingsTableViewCell */,
				772A5B74275B80AB00BBE25F /* Launch */,
				77195A75274ECA56006B30C4 /* UserListViewController.swift */,
				771D985F27B976DC000240F3 /* SettingsTableViewController.swift */,
			);
			path = Controller;
			sourceTree = "<group>";
		};
		77195AB9274ED792006B30C4 /* Extensions */ = {
			isa = PBXGroup;
			children = (
				77195ABA274ED7F7006B30C4 /* Extension+UIView.swift */,
				7727ECAC27500E1C00358027 /* Animation+UIView.swift */,
				7727ECC92750347300358027 /* Extension+UIFont.swift */,
				77E9D93B2758195300A4BF91 /* Constants.swift */,
				77D820802784DF3400613E93 /* Extension+UIViewController.swift */,
				771D986427B98A52000240F3 /* Extension+UIKit.swift */,
			);
			path = Extensions;
			sourceTree = "<group>";
		};
		7727ECA627500B1D00358027 /* View */ = {
			isa = PBXGroup;
			children = (
				772A5B99275B974200BBE25F /* SplashView */,
				7727ECA727500B6000358027 /* UserListBottomStackView.swift */,
				7727ECB127501A0B00358027 /* UserListTopStackView.swift */,
				7727ECBE27501ECE00358027 /* UserProfileView.swift */,
				772A5B84275B834A00BBE25F /* BackgroundGradient.swift */,
				772A5B89275B839F00BBE25F /* BaseView.swift */,
				772A5BA5275BC71E00BBE25F /* CustomTextField.swift */,
				77E11DD527C58BB800D4C8F6 /* HeaderTitleLabel.swift */,
			);
			path = View;
			sourceTree = "<group>";
		};
		7727ECC3275032DA00358027 /* Model */ = {
			isa = PBXGroup;
			children = (
				7727ECC4275032F600358027 /* User.swift */,
				7739BC6A2756B5B70098EAB1 /* Advertise.swift */,
				774C8DBC2767F13A00DFBA15 /* Bindable.swift */,
			);
			path = Model;
			sourceTree = "<group>";
		};
		772A5B74275B80AB00BBE25F /* Launch */ = {
			isa = PBXGroup;
			children = (
				772A5B75275B80D800BBE25F /* SplashScreenViewController.swift */,
				772A5B7A275B814000BBE25F /* LoginViewController.swift */,
				772A5B7F275B815A00BBE25F /* SignUpViewController.swift */,
			);
			path = Launch;
			sourceTree = "<group>";
		};
		772A5B99275B974200BBE25F /* SplashView */ = {
			isa = PBXGroup;
			children = (
				772A5B9A275B975F00BBE25F /* SplashView.swift */,
			);
			path = SplashView;
			sourceTree = "<group>";
		};
		7739BC5E2756B1070098EAB1 /* ViewModel */ = {
			isa = PBXGroup;
			children = (
				7739BC5F2756B1250098EAB1 /* UserProfileViewModel.swift */,
				774C8D952767C6FD00DFBA15 /* RegisterViewModel.swift */,
			);
			path = ViewModel;
			sourceTree = "<group>";
		};
		77E11DCC27C57AAB00D4C8F6 /* SettingsTableViewCell */ = {
			isa = PBXGroup;
			children = (
				77E11DCD27C57AD000D4C8F6 /* SettingsTableViewCell.swift */,
			);
			path = SettingsTableViewCell;
			sourceTree = "<group>";
		};
		D2420ABF3B7D32C71A9C5BB6 /* Pods */ = {
			isa = PBXGroup;
			children = (
				9E5EDB71C70736CE641A3BBC /* Pods-Finder.debug.xcconfig */,
				A53D60FBA197F87B1CAC0557 /* Pods-Finder.release.xcconfig */,
				6F252A2876CF37881F4E597F /* Pods-Finder-FinderUITests.debug.xcconfig */,
				BECB3A7B7F2514B73333D974 /* Pods-Finder-FinderUITests.release.xcconfig */,
				BC4AAE2EA1E7AD150653BAF2 /* Pods-FinderTests.debug.xcconfig */,
				C246F79C10687AF049AFF921 /* Pods-FinderTests.release.xcconfig */,
			);
			path = Pods;
			sourceTree = "<group>";
		};
/* End PBXGroup section */

/* Begin PBXNativeTarget section */
		77195A6D274ECA56006B30C4 /* Finder */ = {
			isa = PBXNativeTarget;
			buildConfigurationList = 77195A98274ECA5A006B30C4 /* Build configuration list for PBXNativeTarget "Finder" */;
			buildPhases = (
				ED1A04FD7CB6A9A32EDD85ED /* [CP] Check Pods Manifest.lock */,
				77195AB5274ED2E1006B30C4 /* Run SwiftLint */,
				77195A6A274ECA56006B30C4 /* Sources */,
				77195A6B274ECA56006B30C4 /* Frameworks */,
				77195A6C274ECA56006B30C4 /* Resources */,
				DC8C102989B640C7C9265DEF /* [CP] Embed Pods Frameworks */,
			);
			buildRules = (
			);
			dependencies = (
			);
			name = Finder;
			productName = Finder;
			productReference = 77195A6E274ECA56006B30C4 /* Finder.app */;
			productType = "com.apple.product-type.application";
		};
		77195A83274ECA5A006B30C4 /* FinderTests */ = {
			isa = PBXNativeTarget;
			buildConfigurationList = 77195A9B274ECA5A006B30C4 /* Build configuration list for PBXNativeTarget "FinderTests" */;
			buildPhases = (
				A5987C9F175E42424F8A165A /* [CP] Check Pods Manifest.lock */,
				77195A80274ECA5A006B30C4 /* Sources */,
				77195A81274ECA5A006B30C4 /* Frameworks */,
				77195A82274ECA5A006B30C4 /* Resources */,
			);
			buildRules = (
			);
			dependencies = (
				77195A86274ECA5A006B30C4 /* PBXTargetDependency */,
			);
			name = FinderTests;
			productName = FinderTests;
			productReference = 77195A84274ECA5A006B30C4 /* FinderTests.xctest */;
			productType = "com.apple.product-type.bundle.unit-test";
		};
		77195A8E274ECA5A006B30C4 /* FinderUITests */ = {
			isa = PBXNativeTarget;
			buildConfigurationList = 77195A9E274ECA5A006B30C4 /* Build configuration list for PBXNativeTarget "FinderUITests" */;
			buildPhases = (
				C3B044E566CD2E5DB9ED3BEF /* [CP] Check Pods Manifest.lock */,
				77195A8B274ECA5A006B30C4 /* Sources */,
				77195A8C274ECA5A006B30C4 /* Frameworks */,
				77195A8D274ECA5A006B30C4 /* Resources */,
				2B4DAB33DC91F1173837705E /* [CP] Embed Pods Frameworks */,
			);
			buildRules = (
			);
			dependencies = (
				77195A91274ECA5A006B30C4 /* PBXTargetDependency */,
			);
			name = FinderUITests;
			productName = FinderUITests;
			productReference = 77195A8F274ECA5A006B30C4 /* FinderUITests.xctest */;
			productType = "com.apple.product-type.bundle.ui-testing";
		};
/* End PBXNativeTarget section */

/* Begin PBXProject section */
		77195A66274ECA56006B30C4 /* Project object */ = {
			isa = PBXProject;
			attributes = {
				LastSwiftUpdateCheck = 1240;
				LastUpgradeCheck = 1240;
				TargetAttributes = {
					77195A6D274ECA56006B30C4 = {
						CreatedOnToolsVersion = 12.4;
					};
					77195A83274ECA5A006B30C4 = {
						CreatedOnToolsVersion = 12.4;
						TestTargetID = 77195A6D274ECA56006B30C4;
					};
					77195A8E274ECA5A006B30C4 = {
						CreatedOnToolsVersion = 12.4;
						TestTargetID = 77195A6D274ECA56006B30C4;
					};
				};
			};
			buildConfigurationList = 77195A69274ECA56006B30C4 /* Build configuration list for PBXProject "Finder" */;
			compatibilityVersion = "Xcode 9.3";
			developmentRegion = en;
			hasScannedForEncodings = 0;
			knownRegions = (
				en,
				Base,
			);
			mainGroup = 77195A65274ECA56006B30C4;
			productRefGroup = 77195A6F274ECA56006B30C4 /* Products */;
			projectDirPath = "";
			projectRoot = "";
			targets = (
				77195A6D274ECA56006B30C4 /* Finder */,
				77195A83274ECA5A006B30C4 /* FinderTests */,
				77195A8E274ECA5A006B30C4 /* FinderUITests */,
			);
		};
/* End PBXProject section */

/* Begin PBXResourcesBuildPhase section */
		77195A6C274ECA56006B30C4 /* Resources */ = {
			isa = PBXResourcesBuildPhase;
			buildActionMask = 2147483647;
			files = (
				77195A7E274ECA59006B30C4 /* LaunchScreen.storyboard in Resources */,
				77195A7B274ECA59006B30C4 /* Assets.xcassets in Resources */,
				774C8DB82767E52800DFBA15 /* GoogleService-Info.plist in Resources */,
			);
			runOnlyForDeploymentPostprocessing = 0;
		};
		77195A82274ECA5A006B30C4 /* Resources */ = {
			isa = PBXResourcesBuildPhase;
			buildActionMask = 2147483647;
			files = (
			);
			runOnlyForDeploymentPostprocessing = 0;
		};
		77195A8D274ECA5A006B30C4 /* Resources */ = {
			isa = PBXResourcesBuildPhase;
			buildActionMask = 2147483647;
			files = (
			);
			runOnlyForDeploymentPostprocessing = 0;
		};
/* End PBXResourcesBuildPhase section */

/* Begin PBXShellScriptBuildPhase section */
		2B4DAB33DC91F1173837705E /* [CP] Embed Pods Frameworks */ = {
			isa = PBXShellScriptBuildPhase;
			buildActionMask = 2147483647;
			files = (
			);
			inputFileListPaths = (
				"${PODS_ROOT}/Target Support Files/Pods-Finder-FinderUITests/Pods-Finder-FinderUITests-frameworks-${CONFIGURATION}-input-files.xcfilelist",
			);
			name = "[CP] Embed Pods Frameworks";
			outputFileListPaths = (
				"${PODS_ROOT}/Target Support Files/Pods-Finder-FinderUITests/Pods-Finder-FinderUITests-frameworks-${CONFIGURATION}-output-files.xcfilelist",
			);
			runOnlyForDeploymentPostprocessing = 0;
			shellPath = /bin/sh;
			shellScript = "\"${PODS_ROOT}/Target Support Files/Pods-Finder-FinderUITests/Pods-Finder-FinderUITests-frameworks.sh\"\n";
			showEnvVarsInLog = 0;
		};
		77195AB5274ED2E1006B30C4 /* Run SwiftLint */ = {
			isa = PBXShellScriptBuildPhase;
			buildActionMask = 2147483647;
			files = (
			);
			inputFileListPaths = (
			);
			inputPaths = (
			);
			name = "Run SwiftLint";
			outputFileListPaths = (
			);
			outputPaths = (
			);
			runOnlyForDeploymentPostprocessing = 0;
			shellPath = /bin/sh;
			shellScript = "if which swiftlint >/dev/null; then\n  swiftlint\nelse\n  echo \"warning: SwiftLint not installed, download from https://github.com/realm/SwiftLint\"\nfi\n";
		};
		A5987C9F175E42424F8A165A /* [CP] Check Pods Manifest.lock */ = {
			isa = PBXShellScriptBuildPhase;
			buildActionMask = 2147483647;
			files = (
			);
			inputFileListPaths = (
			);
			inputPaths = (
				"${PODS_PODFILE_DIR_PATH}/Podfile.lock",
				"${PODS_ROOT}/Manifest.lock",
			);
			name = "[CP] Check Pods Manifest.lock";
			outputFileListPaths = (
			);
			outputPaths = (
				"$(DERIVED_FILE_DIR)/Pods-FinderTests-checkManifestLockResult.txt",
			);
			runOnlyForDeploymentPostprocessing = 0;
			shellPath = /bin/sh;
			shellScript = "diff \"${PODS_PODFILE_DIR_PATH}/Podfile.lock\" \"${PODS_ROOT}/Manifest.lock\" > /dev/null\nif [ $? != 0 ] ; then\n    # print error to STDERR\n    echo \"error: The sandbox is not in sync with the Podfile.lock. Run 'pod install' or update your CocoaPods installation.\" >&2\n    exit 1\nfi\n# This output is used by Xcode 'outputs' to avoid re-running this script phase.\necho \"SUCCESS\" > \"${SCRIPT_OUTPUT_FILE_0}\"\n";
			showEnvVarsInLog = 0;
		};
		C3B044E566CD2E5DB9ED3BEF /* [CP] Check Pods Manifest.lock */ = {
			isa = PBXShellScriptBuildPhase;
			buildActionMask = 2147483647;
			files = (
			);
			inputFileListPaths = (
			);
			inputPaths = (
				"${PODS_PODFILE_DIR_PATH}/Podfile.lock",
				"${PODS_ROOT}/Manifest.lock",
			);
			name = "[CP] Check Pods Manifest.lock";
			outputFileListPaths = (
			);
			outputPaths = (
				"$(DERIVED_FILE_DIR)/Pods-Finder-FinderUITests-checkManifestLockResult.txt",
			);
			runOnlyForDeploymentPostprocessing = 0;
			shellPath = /bin/sh;
			shellScript = "diff \"${PODS_PODFILE_DIR_PATH}/Podfile.lock\" \"${PODS_ROOT}/Manifest.lock\" > /dev/null\nif [ $? != 0 ] ; then\n    # print error to STDERR\n    echo \"error: The sandbox is not in sync with the Podfile.lock. Run 'pod install' or update your CocoaPods installation.\" >&2\n    exit 1\nfi\n# This output is used by Xcode 'outputs' to avoid re-running this script phase.\necho \"SUCCESS\" > \"${SCRIPT_OUTPUT_FILE_0}\"\n";
			showEnvVarsInLog = 0;
		};
		DC8C102989B640C7C9265DEF /* [CP] Embed Pods Frameworks */ = {
			isa = PBXShellScriptBuildPhase;
			buildActionMask = 2147483647;
			files = (
			);
			inputFileListPaths = (
				"${PODS_ROOT}/Target Support Files/Pods-Finder/Pods-Finder-frameworks-${CONFIGURATION}-input-files.xcfilelist",
			);
			name = "[CP] Embed Pods Frameworks";
			outputFileListPaths = (
				"${PODS_ROOT}/Target Support Files/Pods-Finder/Pods-Finder-frameworks-${CONFIGURATION}-output-files.xcfilelist",
			);
			runOnlyForDeploymentPostprocessing = 0;
			shellPath = /bin/sh;
			shellScript = "\"${PODS_ROOT}/Target Support Files/Pods-Finder/Pods-Finder-frameworks.sh\"\n";
			showEnvVarsInLog = 0;
		};
		ED1A04FD7CB6A9A32EDD85ED /* [CP] Check Pods Manifest.lock */ = {
			isa = PBXShellScriptBuildPhase;
			buildActionMask = 2147483647;
			files = (
			);
			inputFileListPaths = (
			);
			inputPaths = (
				"${PODS_PODFILE_DIR_PATH}/Podfile.lock",
				"${PODS_ROOT}/Manifest.lock",
			);
			name = "[CP] Check Pods Manifest.lock";
			outputFileListPaths = (
			);
			outputPaths = (
				"$(DERIVED_FILE_DIR)/Pods-Finder-checkManifestLockResult.txt",
			);
			runOnlyForDeploymentPostprocessing = 0;
			shellPath = /bin/sh;
			shellScript = "diff \"${PODS_PODFILE_DIR_PATH}/Podfile.lock\" \"${PODS_ROOT}/Manifest.lock\" > /dev/null\nif [ $? != 0 ] ; then\n    # print error to STDERR\n    echo \"error: The sandbox is not in sync with the Podfile.lock. Run 'pod install' or update your CocoaPods installation.\" >&2\n    exit 1\nfi\n# This output is used by Xcode 'outputs' to avoid re-running this script phase.\necho \"SUCCESS\" > \"${SCRIPT_OUTPUT_FILE_0}\"\n";
			showEnvVarsInLog = 0;
		};
/* End PBXShellScriptBuildPhase section */

/* Begin PBXSourcesBuildPhase section */
		77195A6A274ECA56006B30C4 /* Sources */ = {
			isa = PBXSourcesBuildPhase;
			buildActionMask = 2147483647;
			files = (
				7727ECCA2750347300358027 /* Extension+UIFont.swift in Sources */,
				7739BC6B2756B5B70098EAB1 /* Advertise.swift in Sources */,
				772A5B85275B834A00BBE25F /* BackgroundGradient.swift in Sources */,
				77E11DD627C58BB800D4C8F6 /* HeaderTitleLabel.swift in Sources */,
				772A5B76275B80D800BBE25F /* SplashScreenViewController.swift in Sources */,
				771D986527B98A52000240F3 /* Extension+UIKit.swift in Sources */,
				774C8DBD2767F13B00DFBA15 /* Bindable.swift in Sources */,
				772A5BA6275BC71E00BBE25F /* CustomTextField.swift in Sources */,
				772A5B7B275B814000BBE25F /* LoginViewController.swift in Sources */,
				77195A76274ECA56006B30C4 /* UserListViewController.swift in Sources */,
				7727ECAD27500E1C00358027 /* Animation+UIView.swift in Sources */,
				77195A72274ECA56006B30C4 /* AppDelegate.swift in Sources */,
				7727ECBF27501ECE00358027 /* UserProfileView.swift in Sources */,
				7739BC602756B1250098EAB1 /* UserProfileViewModel.swift in Sources */,
				77E9D93C2758195300A4BF91 /* Constants.swift in Sources */,
				772A5B80275B815A00BBE25F /* SignUpViewController.swift in Sources */,
				77195ABB274ED7F7006B30C4 /* Extension+UIView.swift in Sources */,
				772A5B9B275B975F00BBE25F /* SplashView.swift in Sources */,
				7727ECC5275032F600358027 /* User.swift in Sources */,
				77E11DCE27C57AD000D4C8F6 /* SettingsTableViewCell.swift in Sources */,
				774C8D962767C6FD00DFBA15 /* RegisterViewModel.swift in Sources */,
				7727ECA827500B6000358027 /* UserListBottomStackView.swift in Sources */,
				772A5B8A275B839F00BBE25F /* BaseView.swift in Sources */,
				771D986027B976DC000240F3 /* SettingsTableViewController.swift in Sources */,
				7727ECB227501A0B00358027 /* UserListTopStackView.swift in Sources */,
				77D820812784DF3400613E93 /* Extension+UIViewController.swift in Sources */,
				77195A74274ECA56006B30C4 /* SceneDelegate.swift in Sources */,
			);
			runOnlyForDeploymentPostprocessing = 0;
		};
		77195A80274ECA5A006B30C4 /* Sources */ = {
			isa = PBXSourcesBuildPhase;
			buildActionMask = 2147483647;
			files = (
				77195A89274ECA5A006B30C4 /* FinderTests.swift in Sources */,
			);
			runOnlyForDeploymentPostprocessing = 0;
		};
		77195A8B274ECA5A006B30C4 /* Sources */ = {
			isa = PBXSourcesBuildPhase;
			buildActionMask = 2147483647;
			files = (
				77195A94274ECA5A006B30C4 /* FinderUITests.swift in Sources */,
			);
			runOnlyForDeploymentPostprocessing = 0;
		};
/* End PBXSourcesBuildPhase section */

/* Begin PBXTargetDependency section */
		77195A86274ECA5A006B30C4 /* PBXTargetDependency */ = {
			isa = PBXTargetDependency;
			target = 77195A6D274ECA56006B30C4 /* Finder */;
			targetProxy = 77195A85274ECA5A006B30C4 /* PBXContainerItemProxy */;
		};
		77195A91274ECA5A006B30C4 /* PBXTargetDependency */ = {
			isa = PBXTargetDependency;
			target = 77195A6D274ECA56006B30C4 /* Finder */;
			targetProxy = 77195A90274ECA5A006B30C4 /* PBXContainerItemProxy */;
		};
/* End PBXTargetDependency section */

/* Begin PBXVariantGroup section */
		77195A7C274ECA59006B30C4 /* LaunchScreen.storyboard */ = {
			isa = PBXVariantGroup;
			children = (
				77195A7D274ECA59006B30C4 /* Base */,
			);
			name = LaunchScreen.storyboard;
			sourceTree = "<group>";
		};
/* End PBXVariantGroup section */

/* Begin XCBuildConfiguration section */
		77195A96274ECA5A006B30C4 /* Debug */ = {
			isa = XCBuildConfiguration;
			buildSettings = {
				ALWAYS_SEARCH_USER_PATHS = NO;
				CLANG_ANALYZER_NONNULL = YES;
				CLANG_ANALYZER_NUMBER_OBJECT_CONVERSION = YES_AGGRESSIVE;
				CLANG_CXX_LANGUAGE_STANDARD = "gnu++14";
				CLANG_CXX_LIBRARY = "libc++";
				CLANG_ENABLE_MODULES = YES;
				CLANG_ENABLE_OBJC_ARC = YES;
				CLANG_ENABLE_OBJC_WEAK = YES;
				CLANG_WARN_BLOCK_CAPTURE_AUTORELEASING = YES;
				CLANG_WARN_BOOL_CONVERSION = YES;
				CLANG_WARN_COMMA = YES;
				CLANG_WARN_CONSTANT_CONVERSION = YES;
				CLANG_WARN_DEPRECATED_OBJC_IMPLEMENTATIONS = YES;
				CLANG_WARN_DIRECT_OBJC_ISA_USAGE = YES_ERROR;
				CLANG_WARN_DOCUMENTATION_COMMENTS = YES;
				CLANG_WARN_EMPTY_BODY = YES;
				CLANG_WARN_ENUM_CONVERSION = YES;
				CLANG_WARN_INFINITE_RECURSION = YES;
				CLANG_WARN_INT_CONVERSION = YES;
				CLANG_WARN_NON_LITERAL_NULL_CONVERSION = YES;
				CLANG_WARN_OBJC_IMPLICIT_RETAIN_SELF = YES;
				CLANG_WARN_OBJC_LITERAL_CONVERSION = YES;
				CLANG_WARN_OBJC_ROOT_CLASS = YES_ERROR;
				CLANG_WARN_QUOTED_INCLUDE_IN_FRAMEWORK_HEADER = YES;
				CLANG_WARN_RANGE_LOOP_ANALYSIS = YES;
				CLANG_WARN_STRICT_PROTOTYPES = YES;
				CLANG_WARN_SUSPICIOUS_MOVE = YES;
				CLANG_WARN_UNGUARDED_AVAILABILITY = YES_AGGRESSIVE;
				CLANG_WARN_UNREACHABLE_CODE = YES;
				CLANG_WARN__DUPLICATE_METHOD_MATCH = YES;
				COPY_PHASE_STRIP = NO;
				DEBUG_INFORMATION_FORMAT = dwarf;
				ENABLE_STRICT_OBJC_MSGSEND = YES;
				ENABLE_TESTABILITY = YES;
				GCC_C_LANGUAGE_STANDARD = gnu11;
				GCC_DYNAMIC_NO_PIC = NO;
				GCC_NO_COMMON_BLOCKS = YES;
				GCC_OPTIMIZATION_LEVEL = 0;
				GCC_PREPROCESSOR_DEFINITIONS = (
					"DEBUG=1",
					"$(inherited)",
				);
				GCC_WARN_64_TO_32_BIT_CONVERSION = YES;
				GCC_WARN_ABOUT_RETURN_TYPE = YES_ERROR;
				GCC_WARN_UNDECLARED_SELECTOR = YES;
				GCC_WARN_UNINITIALIZED_AUTOS = YES_AGGRESSIVE;
				GCC_WARN_UNUSED_FUNCTION = YES;
				GCC_WARN_UNUSED_VARIABLE = YES;
				IPHONEOS_DEPLOYMENT_TARGET = 14.4;
				MTL_ENABLE_DEBUG_INFO = INCLUDE_SOURCE;
				MTL_FAST_MATH = YES;
				ONLY_ACTIVE_ARCH = YES;
				SDKROOT = iphoneos;
				SWIFT_ACTIVE_COMPILATION_CONDITIONS = DEBUG;
				SWIFT_OPTIMIZATION_LEVEL = "-Onone";
			};
			name = Debug;
		};
		77195A97274ECA5A006B30C4 /* Release */ = {
			isa = XCBuildConfiguration;
			buildSettings = {
				ALWAYS_SEARCH_USER_PATHS = NO;
				CLANG_ANALYZER_NONNULL = YES;
				CLANG_ANALYZER_NUMBER_OBJECT_CONVERSION = YES_AGGRESSIVE;
				CLANG_CXX_LANGUAGE_STANDARD = "gnu++14";
				CLANG_CXX_LIBRARY = "libc++";
				CLANG_ENABLE_MODULES = YES;
				CLANG_ENABLE_OBJC_ARC = YES;
				CLANG_ENABLE_OBJC_WEAK = YES;
				CLANG_WARN_BLOCK_CAPTURE_AUTORELEASING = YES;
				CLANG_WARN_BOOL_CONVERSION = YES;
				CLANG_WARN_COMMA = YES;
				CLANG_WARN_CONSTANT_CONVERSION = YES;
				CLANG_WARN_DEPRECATED_OBJC_IMPLEMENTATIONS = YES;
				CLANG_WARN_DIRECT_OBJC_ISA_USAGE = YES_ERROR;
				CLANG_WARN_DOCUMENTATION_COMMENTS = YES;
				CLANG_WARN_EMPTY_BODY = YES;
				CLANG_WARN_ENUM_CONVERSION = YES;
				CLANG_WARN_INFINITE_RECURSION = YES;
				CLANG_WARN_INT_CONVERSION = YES;
				CLANG_WARN_NON_LITERAL_NULL_CONVERSION = YES;
				CLANG_WARN_OBJC_IMPLICIT_RETAIN_SELF = YES;
				CLANG_WARN_OBJC_LITERAL_CONVERSION = YES;
				CLANG_WARN_OBJC_ROOT_CLASS = YES_ERROR;
				CLANG_WARN_QUOTED_INCLUDE_IN_FRAMEWORK_HEADER = YES;
				CLANG_WARN_RANGE_LOOP_ANALYSIS = YES;
				CLANG_WARN_STRICT_PROTOTYPES = YES;
				CLANG_WARN_SUSPICIOUS_MOVE = YES;
				CLANG_WARN_UNGUARDED_AVAILABILITY = YES_AGGRESSIVE;
				CLANG_WARN_UNREACHABLE_CODE = YES;
				CLANG_WARN__DUPLICATE_METHOD_MATCH = YES;
				COPY_PHASE_STRIP = NO;
				DEBUG_INFORMATION_FORMAT = "dwarf-with-dsym";
				ENABLE_NS_ASSERTIONS = NO;
				ENABLE_STRICT_OBJC_MSGSEND = YES;
				GCC_C_LANGUAGE_STANDARD = gnu11;
				GCC_NO_COMMON_BLOCKS = YES;
				GCC_WARN_64_TO_32_BIT_CONVERSION = YES;
				GCC_WARN_ABOUT_RETURN_TYPE = YES_ERROR;
				GCC_WARN_UNDECLARED_SELECTOR = YES;
				GCC_WARN_UNINITIALIZED_AUTOS = YES_AGGRESSIVE;
				GCC_WARN_UNUSED_FUNCTION = YES;
				GCC_WARN_UNUSED_VARIABLE = YES;
				IPHONEOS_DEPLOYMENT_TARGET = 14.4;
				MTL_ENABLE_DEBUG_INFO = NO;
				MTL_FAST_MATH = YES;
				SDKROOT = iphoneos;
				SWIFT_COMPILATION_MODE = wholemodule;
				SWIFT_OPTIMIZATION_LEVEL = "-O";
				VALIDATE_PRODUCT = YES;
			};
			name = Release;
		};
		77195A99274ECA5A006B30C4 /* Debug */ = {
			isa = XCBuildConfiguration;
			baseConfigurationReference = 9E5EDB71C70736CE641A3BBC /* Pods-Finder.debug.xcconfig */;
			buildSettings = {
				ASSETCATALOG_COMPILER_APPICON_NAME = AppIcon;
				ASSETCATALOG_COMPILER_GLOBAL_ACCENT_COLOR_NAME = AccentColor;
				CODE_SIGN_STYLE = Automatic;
				INFOPLIST_FILE = Finder/Info.plist;
				LD_RUNPATH_SEARCH_PATHS = (
					"$(inherited)",
					"@executable_path/Frameworks",
				);
				PRODUCT_BUNDLE_IDENTIFIER = onurustunel.Finder;
				PRODUCT_NAME = "$(TARGET_NAME)";
				SWIFT_VERSION = 5.0;
				TARGETED_DEVICE_FAMILY = "1,2";
			};
			name = Debug;
		};
		77195A9A274ECA5A006B30C4 /* Release */ = {
			isa = XCBuildConfiguration;
			baseConfigurationReference = A53D60FBA197F87B1CAC0557 /* Pods-Finder.release.xcconfig */;
			buildSettings = {
				ASSETCATALOG_COMPILER_APPICON_NAME = AppIcon;
				ASSETCATALOG_COMPILER_GLOBAL_ACCENT_COLOR_NAME = AccentColor;
				CODE_SIGN_STYLE = Automatic;
				INFOPLIST_FILE = Finder/Info.plist;
				LD_RUNPATH_SEARCH_PATHS = (
					"$(inherited)",
					"@executable_path/Frameworks",
				);
				PRODUCT_BUNDLE_IDENTIFIER = onurustunel.Finder;
				PRODUCT_NAME = "$(TARGET_NAME)";
				SWIFT_VERSION = 5.0;
				TARGETED_DEVICE_FAMILY = "1,2";
			};
			name = Release;
		};
		77195A9C274ECA5A006B30C4 /* Debug */ = {
			isa = XCBuildConfiguration;
			baseConfigurationReference = BC4AAE2EA1E7AD150653BAF2 /* Pods-FinderTests.debug.xcconfig */;
			buildSettings = {
				ALWAYS_EMBED_SWIFT_STANDARD_LIBRARIES = YES;
				BUNDLE_LOADER = "$(TEST_HOST)";
				CODE_SIGN_STYLE = Automatic;
				INFOPLIST_FILE = FinderTests/Info.plist;
				IPHONEOS_DEPLOYMENT_TARGET = 14.4;
				LD_RUNPATH_SEARCH_PATHS = (
					"$(inherited)",
					"@executable_path/Frameworks",
					"@loader_path/Frameworks",
				);
				PRODUCT_BUNDLE_IDENTIFIER = onurustunel.FinderTests;
				PRODUCT_NAME = "$(TARGET_NAME)";
				SWIFT_VERSION = 5.0;
				TARGETED_DEVICE_FAMILY = "1,2";
				TEST_HOST = "$(BUILT_PRODUCTS_DIR)/Finder.app/Finder";
			};
			name = Debug;
		};
		77195A9D274ECA5A006B30C4 /* Release */ = {
			isa = XCBuildConfiguration;
			baseConfigurationReference = C246F79C10687AF049AFF921 /* Pods-FinderTests.release.xcconfig */;
			buildSettings = {
				ALWAYS_EMBED_SWIFT_STANDARD_LIBRARIES = YES;
				BUNDLE_LOADER = "$(TEST_HOST)";
				CODE_SIGN_STYLE = Automatic;
				INFOPLIST_FILE = FinderTests/Info.plist;
				IPHONEOS_DEPLOYMENT_TARGET = 14.4;
				LD_RUNPATH_SEARCH_PATHS = (
					"$(inherited)",
					"@executable_path/Frameworks",
					"@loader_path/Frameworks",
				);
				PRODUCT_BUNDLE_IDENTIFIER = onurustunel.FinderTests;
				PRODUCT_NAME = "$(TARGET_NAME)";
				SWIFT_VERSION = 5.0;
				TARGETED_DEVICE_FAMILY = "1,2";
				TEST_HOST = "$(BUILT_PRODUCTS_DIR)/Finder.app/Finder";
			};
			name = Release;
		};
		77195A9F274ECA5A006B30C4 /* Debug */ = {
			isa = XCBuildConfiguration;
			baseConfigurationReference = 6F252A2876CF37881F4E597F /* Pods-Finder-FinderUITests.debug.xcconfig */;
			buildSettings = {
				ALWAYS_EMBED_SWIFT_STANDARD_LIBRARIES = YES;
				CODE_SIGN_STYLE = Automatic;
				INFOPLIST_FILE = FinderUITests/Info.plist;
				LD_RUNPATH_SEARCH_PATHS = (
					"$(inherited)",
					"@executable_path/Frameworks",
					"@loader_path/Frameworks",
				);
				PRODUCT_BUNDLE_IDENTIFIER = onurustunel.FinderUITests;
				PRODUCT_NAME = "$(TARGET_NAME)";
				SWIFT_VERSION = 5.0;
				TARGETED_DEVICE_FAMILY = "1,2";
				TEST_TARGET_NAME = Finder;
			};
			name = Debug;
		};
		77195AA0274ECA5A006B30C4 /* Release */ = {
			isa = XCBuildConfiguration;
			baseConfigurationReference = BECB3A7B7F2514B73333D974 /* Pods-Finder-FinderUITests.release.xcconfig */;
			buildSettings = {
				ALWAYS_EMBED_SWIFT_STANDARD_LIBRARIES = YES;
				CODE_SIGN_STYLE = Automatic;
				INFOPLIST_FILE = FinderUITests/Info.plist;
				LD_RUNPATH_SEARCH_PATHS = (
					"$(inherited)",
					"@executable_path/Frameworks",
					"@loader_path/Frameworks",
				);
				PRODUCT_BUNDLE_IDENTIFIER = onurustunel.FinderUITests;
				PRODUCT_NAME = "$(TARGET_NAME)";
				SWIFT_VERSION = 5.0;
				TARGETED_DEVICE_FAMILY = "1,2";
				TEST_TARGET_NAME = Finder;
			};
			name = Release;
		};
/* End XCBuildConfiguration section */

/* Begin XCConfigurationList section */
		77195A69274ECA56006B30C4 /* Build configuration list for PBXProject "Finder" */ = {
			isa = XCConfigurationList;
			buildConfigurations = (
				77195A96274ECA5A006B30C4 /* Debug */,
				77195A97274ECA5A006B30C4 /* Release */,
			);
			defaultConfigurationIsVisible = 0;
			defaultConfigurationName = Release;
		};
		77195A98274ECA5A006B30C4 /* Build configuration list for PBXNativeTarget "Finder" */ = {
			isa = XCConfigurationList;
			buildConfigurations = (
				77195A99274ECA5A006B30C4 /* Debug */,
				77195A9A274ECA5A006B30C4 /* Release */,
			);
			defaultConfigurationIsVisible = 0;
			defaultConfigurationName = Release;
		};
		77195A9B274ECA5A006B30C4 /* Build configuration list for PBXNativeTarget "FinderTests" */ = {
			isa = XCConfigurationList;
			buildConfigurations = (
				77195A9C274ECA5A006B30C4 /* Debug */,
				77195A9D274ECA5A006B30C4 /* Release */,
			);
			defaultConfigurationIsVisible = 0;
			defaultConfigurationName = Release;
		};
		77195A9E274ECA5A006B30C4 /* Build configuration list for PBXNativeTarget "FinderUITests" */ = {
			isa = XCConfigurationList;
			buildConfigurations = (
				77195A9F274ECA5A006B30C4 /* Debug */,
				77195AA0274ECA5A006B30C4 /* Release */,
			);
			defaultConfigurationIsVisible = 0;
			defaultConfigurationName = Release;
		};
/* End XCConfigurationList section */
	};
	rootObject = 77195A66274ECA56006B30C4 /* Project object */;
}
